
Microsoft Visual Studio Solution File, Format Version 12.00
# Visual Studio Version 16
VisualStudioVersion = 16.0.30225.117
MinimumVisualStudioVersion = 10.0.40219.1
Project("{FAE04EC0-301F-11D3-BF4B-00C04F79EFBC}") = "TheTweeter", "TheTweeter\TheTweeter.csproj", "{42AD48AE-3BA2-4156-9E38-2767D55671CC}"
EndProject
Global
	GlobalSection(SolutionConfigurationPlatforms) = preSolution
		Debug|Any CPU = Debug|Any CPU
		Release|Any CPU = Release|Any CPU
	EndGlobalSection
	GlobalSection(ProjectConfigurationPlatforms) = postSolution
		{42AD48AE-3BA2-4156-9E38-2767D55671CC}.Debug|Any CPU.ActiveCfg = Debug|Any CPU
		{42AD48AE-3BA2-4156-9E38-2767D55671CC}.Debug|Any CPU.Build.0 = Debug|Any CPU
		{42AD48AE-3BA2-4156-9E38-2767D55671CC}.Release|Any CPU.ActiveCfg = Release|Any CPU
		{42AD48AE-3BA2-4156-9E38-2767D55671CC}.Release|Any CPU.Build.0 = Release|Any CPU
	EndGlobalSection
	GlobalSection(SolutionProperties) = preSolution
		HideSolutionNode = FALSE
	EndGlobalSection
	GlobalSection(ExtensibilityGlobals) = postSolution
		SolutionGuid = {9FC35122-8FC6-45FB-8CC3-3887A39A23D1}
	EndGlobalSection
EndGlobal
